
Microsoft Visual Studio Solution File, Format Version 12.00
# Visual Studio Version 17
VisualStudioVersion = 17.0.32112.339
MinimumVisualStudioVersion = 10.0.40219.1
Project("{FAE04EC0-301F-11D3-BF4B-00C04F79EFBC}") = "Paycore_patika_HW3", "Paycore_patika_HW3\Paycore_patika_HW3.csproj", "{A0116D76-B76A-4A1D-9BC1-A0C5DD8ED3BF}"
EndProject
Global
	GlobalSection(SolutionConfigurationPlatforms) = preSolution
		Debug|Any CPU = Debug|Any CPU
		Release|Any CPU = Release|Any CPU
	EndGlobalSection
	GlobalSection(ProjectConfigurationPlatforms) = postSolution
		{A0116D76-B76A-4A1D-9BC1-A0C5DD8ED3BF}.Debug|Any CPU.ActiveCfg = Debug|Any CPU
		{A0116D76-B76A-4A1D-9BC1-A0C5DD8ED3BF}.Debug|Any CPU.Build.0 = Debug|Any CPU
		{A0116D76-B76A-4A1D-9BC1-A0C5DD8ED3BF}.Release|Any CPU.ActiveCfg = Release|Any CPU
		{A0116D76-B76A-4A1D-9BC1-A0C5DD8ED3BF}.Release|Any CPU.Build.0 = Release|Any CPU
	EndGlobalSection
	GlobalSection(SolutionProperties) = preSolution
		HideSolutionNode = FALSE
	EndGlobalSection
	GlobalSection(ExtensibilityGlobals) = postSolution
		SolutionGuid = {CE6A83CD-2DD3-49D1-84CB-8D3403D11285}
	EndGlobalSection
EndGlobal
